<?xml version="1.0" encoding="utf-8"?>
<Project ToolsVersion="4.0" xmlns="http://schemas.microsoft.com/developer/msbuild/2003">
  <ItemGroup>
    <ClCompile Include="utest_main.cpp" />
    <ClCompile Include="mutest\event_sink.cpp">
      <Filter>mutest</Filter>
    </ClCompile>
    <ClCompile Include="mutest\detail\repr.cpp">
      <Filter>mutest\detail</Filter>
    </ClCompile>
    <ClCompile Include="mutest\detail\registry.cpp">
      <Filter>mutest\detail</Filter>
    </ClCompile>
  </ItemGroup>
  <ItemGroup>
    <ClInclude Include="mutest\event_sink.h">
      <Filter>mutest</Filter>
    </ClInclude>
    <ClInclude Include="mutest\test.h">
      <Filter>mutest</Filter>
    </ClInclude>
    <ClInclude Include="mutest\utest.h">
      <Filter>mutest</Filter>
    </ClInclude>
    <ClInclude Include="mutest\detail\check.h">
      <Filter>mutest\detail</Filter>
    </ClInclude>
    <ClInclude Include="exec.h" />
    <ClInclude Include="mutest\detail\registry.h">
      <Filter>mutest\detail</Filter>
    </ClInclude>
    <ClInclude Include="mutest\detail\list.h">
      <Filter>mutest\detail</Filter>
    </ClInclude>
    <ClInclude Include="mutest\detail\binary_op.h">
      <Filter>mutest\detail</Filter>
    </ClInclude>
    <ClInclude Include="mutest\detail\repr.h">
      <Filter>mutest\detail</Filter>
    </ClInclude>
    <ClInclude Include="mutest\detail\char_stream.h">
      <Filter>mutest\detail</Filter>
    </ClInclude>
  </ItemGroup>
  <ItemGroup>
    <Filter Include="mutest">
      <UniqueIdentifier>{ef915adb-1578-4229-ae8b-c2a4abeead4c}</UniqueIdentifier>
    </Filter>
    <Filter Include="mutest\detail">
      <UniqueIdentifier>{b50ae7cd-5ec6-43d3-acf3-3068c8e85e81}</UniqueIdentifier>
    </Filter>
  </ItemGroup>
</Project>